
Microsoft Visual Studio Solution File, Format Version 11.00
# Visual Studio 2010
Project("{FAE04EC0-301F-11D3-BF4B-00C04F79EFBC}") = "PersonalBlog", "PersonalBlog\PersonalBlog.csproj", "{30E3AD74-7C69-4EF9-89FC-DAC8B3EB8A25}"
EndProject
Project("{FAE04EC0-301F-11D3-BF4B-00C04F79EFBC}") = "PersonalBlog.Tests", "PersonalBlog.Tests\PersonalBlog.Tests.csproj", "{91161548-2DB2-405E-BB27-DCF145B86083}"
EndProject
Project("{2150E333-8FDC-42A3-9474-1A3956D46DE8}") = "Solution Items", "Solution Items", "{D266D877-C660-4984-BB1B-C4E7C4AB3DAF}"
	ProjectSection(SolutionItems) = preProject
		PersonalBlog.build = PersonalBlog.build
	EndProjectSection
EndProject
Global
	GlobalSection(SolutionConfigurationPlatforms) = preSolution
		Debug|Any CPU = Debug|Any CPU
		Release|Any CPU = Release|Any CPU
	EndGlobalSection
	GlobalSection(ProjectConfigurationPlatforms) = postSolution
		{30E3AD74-7C69-4EF9-89FC-DAC8B3EB8A25}.Debug|Any CPU.ActiveCfg = Debug|Any CPU
		{30E3AD74-7C69-4EF9-89FC-DAC8B3EB8A25}.Debug|Any CPU.Build.0 = Debug|Any CPU
		{30E3AD74-7C69-4EF9-89FC-DAC8B3EB8A25}.Release|Any CPU.ActiveCfg = Release|Any CPU
		{30E3AD74-7C69-4EF9-89FC-DAC8B3EB8A25}.Release|Any CPU.Build.0 = Release|Any CPU
		{91161548-2DB2-405E-BB27-DCF145B86083}.Debug|Any CPU.ActiveCfg = Debug|Any CPU
		{91161548-2DB2-405E-BB27-DCF145B86083}.Debug|Any CPU.Build.0 = Debug|Any CPU
		{91161548-2DB2-405E-BB27-DCF145B86083}.Release|Any CPU.ActiveCfg = Release|Any CPU
		{91161548-2DB2-405E-BB27-DCF145B86083}.Release|Any CPU.Build.0 = Release|Any CPU
	EndGlobalSection
	GlobalSection(SolutionProperties) = preSolution
		HideSolutionNode = FALSE
	EndGlobalSection
EndGlobal
